{
  "name": "manage-confluence",
  "lockfileVersion": 3,
  "requires": true,
  "packages": {
    "": {
      "dependencies": {
        "confluence.js": "^3.0.3"
      },
      "engines": {
        "node": ">=22"
      }
    },
    "node_modules/confluence.js": {
      "version": "3.0.3",
      "resolved": "https://registry.npmjs.org/confluence.js/-/confluence.js-3.0.3.tgz",
      "integrity": "sha512-b1hrRbnZVvxbSFxA+Im5cVoGpMItvU3k/TqjhtyBaxHZPTKNTyhbVMXcmXRTTx9/znJgt0QlIzcK8ud5H1Mkvg==",
      "license": "MIT",
      "dependencies": {
        "zod": "^4.4.3"
      },
      "engines": {
        "node": ">=22"
      }
    },
    "node_modules/zod": {
      "version": "4.4.3",
      "resolved": "https://registry.npmjs.org/zod/-/zod-4.4.3.tgz",
      "integrity": "sha512-ytENFjIJFl2UwYglde2jchW2Hwm4GJFLDiSXWdTrJQBIN9Fcyp7n4DhxJEiWNAJMV1/BqWfW/kkg71UDcHJyTQ==",
      "license": "MIT",
      "funding": {
        "url": "https://github.com/sponsors/colinhacks"
      }
    }
  }
}
